
Microsoft Visual Studio Solution File, Format Version 12.00
# Visual Studio Version 17
VisualStudioVersion = 17.6.34302.98
MinimumVisualStudioVersion = 10.0.40219.1
Project("{9A19103F-16F7-4668-BE54-9A1E7A4F7556}") = "UpgradeUrEquipment", "UpgradeUrEquipment.csproj", "{06FFE93E-1307-417B-ADD0-8A0A922B9CE4}"
EndProject
Global
	GlobalSection(SolutionConfigurationPlatforms) = preSolution
		Debug|Any CPU = Debug|Any CPU
		Release|Any CPU = Release|Any CPU
	EndGlobalSection
	GlobalSection(ProjectConfigurationPlatforms) = postSolution
		{06FFE93E-1307-417B-ADD0-8A0A922B9CE4}.Debug|Any CPU.ActiveCfg = Debug|Any CPU
		{06FFE93E-1307-417B-ADD0-8A0A922B9CE4}.Debug|Any CPU.Build.0 = Debug|Any CPU
		{06FFE93E-1307-417B-ADD0-8A0A922B9CE4}.Release|Any CPU.ActiveCfg = Release|Any CPU
		{06FFE93E-1307-417B-ADD0-8A0A922B9CE4}.Release|Any CPU.Build.0 = Release|Any CPU
	EndGlobalSection
	GlobalSection(SolutionProperties) = preSolution
		HideSolutionNode = FALSE
	EndGlobalSection
	GlobalSection(ExtensibilityGlobals) = postSolution
		SolutionGuid = {C63167C4-EB14-47AE-B194-7FF5B3CADE28}
	EndGlobalSection
EndGlobal
